
Microsoft Visual Studio Solution File, Format Version 12.00
# Visual Studio Version 17
VisualStudioVersion = 17.0.31919.166
MinimumVisualStudioVersion = 10.0.40219.1
Project("{9A19103F-16F7-4668-BE54-9A1E7A4F7556}") = "FilmesAPI", "Alura_API_Rest\FilmesAPI.csproj", "{7283DCD0-2CF3-407F-997D-339871D10E2B}"
EndProject
Global
	GlobalSection(SolutionConfigurationPlatforms) = preSolution
		Debug|Any CPU = Debug|Any CPU
		Release|Any CPU = Release|Any CPU
	EndGlobalSection
	GlobalSection(ProjectConfigurationPlatforms) = postSolution
		{7283DCD0-2CF3-407F-997D-339871D10E2B}.Debug|Any CPU.ActiveCfg = Debug|Any CPU
		{7283DCD0-2CF3-407F-997D-339871D10E2B}.Debug|Any CPU.Build.0 = Debug|Any CPU
		{7283DCD0-2CF3-407F-997D-339871D10E2B}.Release|Any CPU.ActiveCfg = Release|Any CPU
		{7283DCD0-2CF3-407F-997D-339871D10E2B}.Release|Any CPU.Build.0 = Release|Any CPU
	EndGlobalSection
	GlobalSection(SolutionProperties) = preSolution
		HideSolutionNode = FALSE
	EndGlobalSection
	GlobalSection(ExtensibilityGlobals) = postSolution
		SolutionGuid = {42938B2D-317D-4DD0-B48D-F55B9EA51688}
	EndGlobalSection
EndGlobal
